
Microsoft Visual Studio Solution File, Format Version 12.00
# Visual Studio Version 17
VisualStudioVersion = 17.13.35919.96 d17.13
MinimumVisualStudioVersion = 10.0.40219.1
Project("{FAE04EC0-301F-11D3-BF4B-00C04F79EFBC}") = "MagestyMediaPlayer.UI", "MagestyMediaPlayer\MagestyMediaPlayer.UI.csproj", "{DFCBF180-A848-4A02-9B6D-D3051FC4FF7B}"
EndProject
Project("{FAE04EC0-301F-11D3-BF4B-00C04F79EFBC}") = "MagestyMediaPlayer.Core", "MagestyMediaPlayer.Core\MagestyMediaPlayer.Core.csproj", "{06D5F7DF-9ABE-4FCB-8D7B-985106517717}"
EndProject
Project("{FAE04EC0-301F-11D3-BF4B-00C04F79EFBC}") = "MagestyMediaPlayer.Infrastructure", "MagestyMediaPlayer.Infrastructure\MagestyMediaPlayer.Infrastructure.csproj", "{248CBC23-DD14-41A2-AA8D-5BB355730687}"
EndProject
Global
	GlobalSection(SolutionConfigurationPlatforms) = preSolution
		Debug|Any CPU = Debug|Any CPU
		Release|Any CPU = Release|Any CPU
	EndGlobalSection
	GlobalSection(ProjectConfigurationPlatforms) = postSolution
		{DFCBF180-A848-4A02-9B6D-D3051FC4FF7B}.Debug|Any CPU.ActiveCfg = Debug|Any CPU
		{DFCBF180-A848-4A02-9B6D-D3051FC4FF7B}.Debug|Any CPU.Build.0 = Debug|Any CPU
		{DFCBF180-A848-4A02-9B6D-D3051FC4FF7B}.Release|Any CPU.ActiveCfg = Release|Any CPU
		{DFCBF180-A848-4A02-9B6D-D3051FC4FF7B}.Release|Any CPU.Build.0 = Release|Any CPU
		{06D5F7DF-9ABE-4FCB-8D7B-985106517717}.Debug|Any CPU.ActiveCfg = Debug|Any CPU
		{06D5F7DF-9ABE-4FCB-8D7B-985106517717}.Debug|Any CPU.Build.0 = Debug|Any CPU
		{06D5F7DF-9ABE-4FCB-8D7B-985106517717}.Release|Any CPU.ActiveCfg = Release|Any CPU
		{06D5F7DF-9ABE-4FCB-8D7B-985106517717}.Release|Any CPU.Build.0 = Release|Any CPU
		{248CBC23-DD14-41A2-AA8D-5BB355730687}.Debug|Any CPU.ActiveCfg = Debug|Any CPU
		{248CBC23-DD14-41A2-AA8D-5BB355730687}.Debug|Any CPU.Build.0 = Debug|Any CPU
		{248CBC23-DD14-41A2-AA8D-5BB355730687}.Release|Any CPU.ActiveCfg = Release|Any CPU
		{248CBC23-DD14-41A2-AA8D-5BB355730687}.Release|Any CPU.Build.0 = Release|Any CPU
	EndGlobalSection
	GlobalSection(SolutionProperties) = preSolution
		HideSolutionNode = FALSE
	EndGlobalSection
	GlobalSection(ExtensibilityGlobals) = postSolution
		SolutionGuid = {42BD631C-D03E-4BE4-B0E0-6A6177E393EF}
	EndGlobalSection
EndGlobal
